
Microsoft Visual Studio Solution File, Format Version 12.00
# Visual Studio Version 17
VisualStudioVersion = 17.13.35825.156
MinimumVisualStudioVersion = 10.0.40219.1
Project("{FAE04EC0-301F-11D3-BF4B-00C04F79EFBC}") = "TestCase_01", "TestCase_01.csproj", "{2EB71AB2-4FCE-4592-9886-5E89D9CBCBD2}"
EndProject
Project("{FAE04EC0-301F-11D3-BF4B-00C04F79EFBC}") = "TestCase_01_DataAccess", "..\TestCase_01_DataAccess\TestCase_01_DataAccess.csproj", "{B41F2D21-271F-47FC-814F-4FA0A2468427}"
EndProject
Project("{FAE04EC0-301F-11D3-BF4B-00C04F79EFBC}") = "TestCase_01_DTO", "..\TestCase_01_DTO\TestCase_01_DTO.csproj", "{CDDC62B7-013E-41D0-99CF-6CC7816CCCEC}"
EndProject
Global
	GlobalSection(SolutionConfigurationPlatforms) = preSolution
		Debug|Any CPU = Debug|Any CPU
		Release|Any CPU = Release|Any CPU
	EndGlobalSection
	GlobalSection(ProjectConfigurationPlatforms) = postSolution
		{2EB71AB2-4FCE-4592-9886-5E89D9CBCBD2}.Debug|Any CPU.ActiveCfg = Debug|Any CPU
		{2EB71AB2-4FCE-4592-9886-5E89D9CBCBD2}.Debug|Any CPU.Build.0 = Debug|Any CPU
		{2EB71AB2-4FCE-4592-9886-5E89D9CBCBD2}.Release|Any CPU.ActiveCfg = Release|Any CPU
		{2EB71AB2-4FCE-4592-9886-5E89D9CBCBD2}.Release|Any CPU.Build.0 = Release|Any CPU
		{B41F2D21-271F-47FC-814F-4FA0A2468427}.Debug|Any CPU.ActiveCfg = Debug|Any CPU
		{B41F2D21-271F-47FC-814F-4FA0A2468427}.Debug|Any CPU.Build.0 = Debug|Any CPU
		{B41F2D21-271F-47FC-814F-4FA0A2468427}.Release|Any CPU.ActiveCfg = Release|Any CPU
		{B41F2D21-271F-47FC-814F-4FA0A2468427}.Release|Any CPU.Build.0 = Release|Any CPU
		{CDDC62B7-013E-41D0-99CF-6CC7816CCCEC}.Debug|Any CPU.ActiveCfg = Debug|Any CPU
		{CDDC62B7-013E-41D0-99CF-6CC7816CCCEC}.Debug|Any CPU.Build.0 = Debug|Any CPU
		{CDDC62B7-013E-41D0-99CF-6CC7816CCCEC}.Release|Any CPU.ActiveCfg = Release|Any CPU
		{CDDC62B7-013E-41D0-99CF-6CC7816CCCEC}.Release|Any CPU.Build.0 = Release|Any CPU
	EndGlobalSection
	GlobalSection(SolutionProperties) = preSolution
		HideSolutionNode = FALSE
	EndGlobalSection
	GlobalSection(ExtensibilityGlobals) = postSolution
		SolutionGuid = {B113B252-6F8E-4E66-B312-E52FC9E5320F}
	EndGlobalSection
EndGlobal
